# This file is autogenerated, do not edit; changes may be undone by the next 'dep ensure'.


[[projects]]
  digest = "1:780408e5f32d1c6b48777591755f6e2a7f0c58ab74cd089b53dfb37c3442c0d4"
  name = "github.com/astropay/go-tools"
  packages = ["files"]
  pruneopts = "UT"
  revision = "2a1c5314d2aff1c9de3e51c70168286c3e0bba46"
  version = "v1.0"

[[projects]]
  digest = "1:ec6f9bf5e274c833c911923c9193867f3f18788c461f76f05f62bb1510e0ae65"
  name = "github.com/go-sql-driver/mysql"
  packages = ["."]
  pruneopts = "UT"
  revision = "72cd26f257d44c1114970e19afddcd812016007e"
  version = "v1.4.1"

[[projects]]
  digest = "1:cf31692c14422fa27c83a05292eb5cbe0fb2775972e8f1f8446a71549bd8980b"
  name = "github.com/pkg/errors"
  packages = ["."]
  pruneopts = "UT"
  revision = "ba968bfe8b2f7e042a574c888954fccecfa385b4"
  version = "v0.8.1"

[[projects]]
  digest = "1:2221ed39ac11f4f9e4c31164b4de2056f31d6e86963a1f0b5baa12846d3ee0b8"
  name = "github.com/pressly/goose"
  packages = ["."]
  pruneopts = "UT"
  revision = "c35094e75813e8b7a6d1f5593b9d6e9244183a3f"
  version = "v2.7.0-rc4"

[[projects]]
  digest = "1:c25289f43ac4a68d88b02245742347c94f1e108c534dda442188015ff80669b3"
  name = "google.golang.org/appengine"
  packages = ["cloudsql"]
  pruneopts = "UT"
  revision = "b2f4a3cf3c67576a2ee09e1fe62656a5086ce880"
  version = "v1.6.1"

[solve-meta]
  analyzer-name = "dep"
  analyzer-version = 1
  input-imports = [
    "github.com/astropay/go-tools/files",
    "github.com/go-sql-driver/mysql",
    "github.com/pressly/goose",
  ]
  solver-name = "gps-cdcl"
  solver-version = 1
